<?xml version="1.0" encoding="utf-8"?>
<Project ToolsVersion="4.0" xmlns="http://schemas.microsoft.com/developer/msbuild/2003">
  <ItemGroup>
    <Filter Include="Source Files">
      <UniqueIdentifier>{c1b31c9d-8280-4aeb-81a6-f6c803af3d82}</UniqueIdentifier>
    </Filter>
    <Filter Include="Generated Files">
      <UniqueIdentifier>{d7d0bdce-46d0-4c10-be3e-bdaf93dd40c5}</UniqueIdentifier>
      <SourceControlFiles>False</SourceControlFiles>
    </Filter>
  </ItemGroup>
  <ItemGroup>
    <None Include="RzUtilityps.def" />
  </ItemGroup>
  <ItemGroup>
    <ClCompile Include="RzUtility_i.c">
      <Filter>Generated Files</Filter>
    </ClCompile>
    <ClCompile Include="RzUtility_p.c">
      <Filter>Generated Files</Filter>
    </ClCompile>
    <ClCompile Include="dlldata.c">
      <Filter>Generated Files</Filter>
    </ClCompile>
  </ItemGroup>
</Project>